
Microsoft Visual Studio Solution File, Format Version 12.00
# Visual Studio Version 16
VisualStudioVersion = 16.0.30517.126
MinimumVisualStudioVersion = 10.0.40219.1
Project("{9A19103F-16F7-4668-BE54-9A1E7A4F7556}") = "SlaughtoriaGamesP1", "SlaughtoriaGamesP1.csproj", "{0990000F-26D4-4C76-A5A8-0EB8E51143C6}"
EndProject
Project("{9A19103F-16F7-4668-BE54-9A1E7A4F7556}") = "XUnitTestP1", "..\XUnitTestP1\XUnitTestP1.csproj", "{232D11B9-E18B-4B55-AB29-D446CFBD2658}"
EndProject
Global
	GlobalSection(SolutionConfigurationPlatforms) = preSolution
		Debug|Any CPU = Debug|Any CPU
		Release|Any CPU = Release|Any CPU
	EndGlobalSection
	GlobalSection(ProjectConfigurationPlatforms) = postSolution
		{0990000F-26D4-4C76-A5A8-0EB8E51143C6}.Debug|Any CPU.ActiveCfg = Debug|Any CPU
		{0990000F-26D4-4C76-A5A8-0EB8E51143C6}.Debug|Any CPU.Build.0 = Debug|Any CPU
		{0990000F-26D4-4C76-A5A8-0EB8E51143C6}.Release|Any CPU.ActiveCfg = Release|Any CPU
		{0990000F-26D4-4C76-A5A8-0EB8E51143C6}.Release|Any CPU.Build.0 = Release|Any CPU
		{232D11B9-E18B-4B55-AB29-D446CFBD2658}.Debug|Any CPU.ActiveCfg = Debug|Any CPU
		{232D11B9-E18B-4B55-AB29-D446CFBD2658}.Debug|Any CPU.Build.0 = Debug|Any CPU
		{232D11B9-E18B-4B55-AB29-D446CFBD2658}.Release|Any CPU.ActiveCfg = Release|Any CPU
		{232D11B9-E18B-4B55-AB29-D446CFBD2658}.Release|Any CPU.Build.0 = Release|Any CPU
	EndGlobalSection
	GlobalSection(SolutionProperties) = preSolution
		HideSolutionNode = FALSE
	EndGlobalSection
	GlobalSection(ExtensibilityGlobals) = postSolution
		SolutionGuid = {AF045811-57B7-431D-B4D3-79BBEF3E1E64}
	EndGlobalSection
EndGlobal
